
Microsoft Visual Studio Solution File, Format Version 12.00
# Visual Studio 15
VisualStudioVersion = 15.0.26430.6
MinimumVisualStudioVersion = 10.0.40219.1
Project("{D954291E-2A0B-460D-934E-DC6B0785DB48}") = "Blue.MVVM.AsyncCommands_", "Blue.MVVM.AsyncCommands_\Blue.MVVM.AsyncCommands_.shproj", "{C1A8195E-36C1-4D4D-BB93-E6D5B8E96695}"
EndProject
Project("{FAE04EC0-301F-11D3-BF4B-00C04F79EFBC}") = "Blue.MVVM.AsyncCommands._Nuget", "Blue.MVVM.AsyncCommands._Nuget\Blue.MVVM.AsyncCommands._Nuget.csproj", "{4DC76A4A-7BE4-4795-96CD-58D3FB2824C0}"
	ProjectSection(ProjectDependencies) = postProject
		{19CA4640-B40D-4D30-8EA8-0E6CE841B343} = {19CA4640-B40D-4D30-8EA8-0E6CE841B343}
		{F204E373-DC35-454A-A514-18B17722E171} = {F204E373-DC35-454A-A514-18B17722E171}
		{1CFB3CB3-A7A7-4CBD-A3C4-5887F34C9712} = {1CFB3CB3-A7A7-4CBD-A3C4-5887F34C9712}
	EndProjectSection
EndProject
Project("{FAE04EC0-301F-11D3-BF4B-00C04F79EFBC}") = "Blue.MVVM.AsyncCommands.Portable40", "Blue.MVVM.AsyncCommands.Portable40\Blue.MVVM.AsyncCommands.Portable40.csproj", "{19CA4640-B40D-4D30-8EA8-0E6CE841B343}"
EndProject
Project("{FAE04EC0-301F-11D3-BF4B-00C04F79EFBC}") = "Blue.MVVM.AsyncCommands.Portable45", "Blue.MVVM.AsyncCommands.Portable45\Blue.MVVM.AsyncCommands.Portable45.csproj", "{1CFB3CB3-A7A7-4CBD-A3C4-5887F34C9712}"
EndProject
Project("{FAE04EC0-301F-11D3-BF4B-00C04F79EFBC}") = "Blue.MVVM.AsyncCommands.Standard10", "Blue.MVVM.AsyncCommands.Standard10\Blue.MVVM.AsyncCommands.Standard10.csproj", "{F204E373-DC35-454A-A514-18B17722E171}"
EndProject
Global
	GlobalSection(SharedMSBuildProjectFiles) = preSolution
		Blue.MVVM.AsyncCommands_\Blue.MVVM.AsyncCommands_.projitems*{19ca4640-b40d-4d30-8ea8-0e6ce841b343}*SharedItemsImports = 4
		Blue.MVVM.AsyncCommands_\Blue.MVVM.AsyncCommands_.projitems*{1cfb3cb3-a7a7-4cbd-a3c4-5887f34c9712}*SharedItemsImports = 4
		Blue.MVVM.AsyncCommands_\Blue.MVVM.AsyncCommands_.projitems*{c1a8195e-36c1-4d4d-bb93-e6d5b8e96695}*SharedItemsImports = 13
	EndGlobalSection
	GlobalSection(SolutionConfigurationPlatforms) = preSolution
		Debug|Any CPU = Debug|Any CPU
		Release|Any CPU = Release|Any CPU
	EndGlobalSection
	GlobalSection(ProjectConfigurationPlatforms) = postSolution
		{4DC76A4A-7BE4-4795-96CD-58D3FB2824C0}.Debug|Any CPU.ActiveCfg = Debug|Any CPU
		{4DC76A4A-7BE4-4795-96CD-58D3FB2824C0}.Debug|Any CPU.Build.0 = Debug|Any CPU
		{4DC76A4A-7BE4-4795-96CD-58D3FB2824C0}.Release|Any CPU.ActiveCfg = Release|Any CPU
		{4DC76A4A-7BE4-4795-96CD-58D3FB2824C0}.Release|Any CPU.Build.0 = Release|Any CPU
		{19CA4640-B40D-4D30-8EA8-0E6CE841B343}.Debug|Any CPU.ActiveCfg = Debug|Any CPU
		{19CA4640-B40D-4D30-8EA8-0E6CE841B343}.Debug|Any CPU.Build.0 = Debug|Any CPU
		{19CA4640-B40D-4D30-8EA8-0E6CE841B343}.Release|Any CPU.ActiveCfg = Release|Any CPU
		{19CA4640-B40D-4D30-8EA8-0E6CE841B343}.Release|Any CPU.Build.0 = Release|Any CPU
		{1CFB3CB3-A7A7-4CBD-A3C4-5887F34C9712}.Debug|Any CPU.ActiveCfg = Debug|Any CPU
		{1CFB3CB3-A7A7-4CBD-A3C4-5887F34C9712}.Debug|Any CPU.Build.0 = Debug|Any CPU
		{1CFB3CB3-A7A7-4CBD-A3C4-5887F34C9712}.Release|Any CPU.ActiveCfg = Release|Any CPU
		{1CFB3CB3-A7A7-4CBD-A3C4-5887F34C9712}.Release|Any CPU.Build.0 = Release|Any CPU
		{F204E373-DC35-454A-A514-18B17722E171}.Debug|Any CPU.ActiveCfg = Debug|Any CPU
		{F204E373-DC35-454A-A514-18B17722E171}.Debug|Any CPU.Build.0 = Debug|Any CPU
		{F204E373-DC35-454A-A514-18B17722E171}.Release|Any CPU.ActiveCfg = Release|Any CPU
		{F204E373-DC35-454A-A514-18B17722E171}.Release|Any CPU.Build.0 = Release|Any CPU
	EndGlobalSection
	GlobalSection(SolutionProperties) = preSolution
		HideSolutionNode = FALSE
	EndGlobalSection
EndGlobal
